// !$*UTF8*$!
{
	archiveVersion = 1;
	classes = {
	};
	objectVersion = 77;
	objects = {

/* Begin PBXContainerItemProxy section */
		E7CC97CC2E205D4D00F78411 /* PBXContainerItemProxy */ = {
			isa = PBXContainerItemProxy;
			containerPortal = E7CC97B62E205D4B00F78411 /* Project object */;
			proxyType = 1;
			remoteGlobalIDString = E7CC97BD2E205D4B00F78411;
			remoteInfo = FayInterview;
		};
		E7CC97D62E205D4D00F78411 /* PBXContainerItemProxy */ = {
			isa = PBXContainerItemProxy;
			containerPortal = E7CC97B62E205D4B00F78411 /* Project object */;
			proxyType = 1;
			remoteGlobalIDString = E7CC97BD2E205D4B00F78411;
			remoteInfo = FayInterview;
		};
/* End PBXContainerItemProxy section */

/* Begin PBXFileReference section */
		E7CC97BE2E205D4B00F78411 /* FayInterview.app */ = {isa = PBXFileReference; explicitFileType = wrapper.application; includeInIndex = 0; path = FayInterview.app; sourceTree = BUILT_PRODUCTS_DIR; };
		E7CC97CB2E205D4D00F78411 /* FayInterviewTests.xctest */ = {isa = PBXFileReference; explicitFileType = wrapper.cfbundle; includeInIndex = 0; path = FayInterviewTests.xctest; sourceTree = BUILT_PRODUCTS_DIR; };
		E7CC97D52E205D4D00F78411 /* FayInterviewUITests.xctest */ = {isa = PBXFileReference; explicitFileType = wrapper.cfbundle; includeInIndex = 0; path = FayInterviewUITests.xctest; sourceTree = BUILT_PRODUCTS_DIR; };
/* End PBXFileReference section */

/* Begin PBXFileSystemSynchronizedRootGroup section */
		E7CC97C02E205D4B00F78411 /* FayInterview */ = {
			isa = PBXFileSystemSynchronizedRootGroup;
			path = FayInterview;
			sourceTree = "<group>";
		};
		E7CC97CE2E205D4D00F78411 /* FayInterviewTests */ = {
			isa = PBXFileSystemSynchronizedRootGroup;
			path = FayInterviewTests;
			sourceTree = "<group>";
		};
		E7CC97D82E205D4D00F78411 /* FayInterviewUITests */ = {
			isa = PBXFileSystemSynchronizedRootGroup;
			path = FayInterviewUITests;
			sourceTree = "<group>";
		};
/* End PBXFileSystemSynchronizedRootGroup section */

/* Begin PBXFrameworksBuildPhase section */
		E7CC97BB2E205D4B00F78411 /* Frameworks */ = {
			isa = PBXFrameworksBuildPhase;
			buildActionMask = 2147483647;
			files = (
			);
			runOnlyForDeploymentPostprocessing = 0;
		};
		E7CC97C82E205D4D00F78411 /* Frameworks */ = {
			isa = PBXFrameworksBuildPhase;
			buildActionMask = 2147483647;
			files = (
			);
			runOnlyForDeploymentPostprocessing = 0;
		};
		E7CC97D22E205D4D00F78411 /* Frameworks */ = {
			isa = PBXFrameworksBuildPhase;
			buildActionMask = 2147483647;
			files = (
			);
			runOnlyForDeploymentPostprocessing = 0;
		};
/* End PBXFrameworksBuildPhase section */

/* Begin PBXGroup section */
		E7CC97B52E205D4B00F78411 = {
			isa = PBXGroup;
			children = (
				E7CC97C02E205D4B00F78411 /* FayInterview */,
				E7CC97CE2E205D4D00F78411 /* FayInterviewTests */,
				E7CC97D82E205D4D00F78411 /* FayInterviewUITests */,
				E7CC97BF2E205D4B00F78411 /* Products */,
			);
			sourceTree = "<group>";
		};
		E7CC97BF2E205D4B00F78411 /* Products */ = {
			isa = PBXGroup;
			children = (
				E7CC97BE2E205D4B00F78411 /* FayInterview.app */,
				E7CC97CB2E205D4D00F78411 /* FayInterviewTests.xctest */,
				E7CC97D52E205D4D00F78411 /* FayInterviewUITests.xctest */,
			);
			name = Products;
			sourceTree = "<group>";
		};
/* End PBXGroup section */

/* Begin PBXNativeTarget section */
		E7CC97BD2E205D4B00F78411 /* FayInterview */ = {
			isa = PBXNativeTarget;
			buildConfigurationList = E7CC97DF2E205D4D00F78411 /* Build configuration list for PBXNativeTarget "FayInterview" */;
			buildPhases = (
				E7CC97BA2E205D4B00F78411 /* Sources */,
				E7CC97BB2E205D4B00F78411 /* Frameworks */,
				E7CC97BC2E205D4B00F78411 /* Resources */,
			);
			buildRules = (
			);
			dependencies = (
			);
			fileSystemSynchronizedGroups = (
				E7CC97C02E205D4B00F78411 /* FayInterview */,
			);
			name = FayInterview;
			packageProductDependencies = (
			);
			productName = FayInterview;
			productReference = E7CC97BE2E205D4B00F78411 /* FayInterview.app */;
			productType = "com.apple.product-type.application";
		};
		E7CC97CA2E205D4D00F78411 /* FayInterviewTests */ = {
			isa = PBXNativeTarget;
			buildConfigurationList = E7CC97E22E205D4D00F78411 /* Build configuration list for PBXNativeTarget "FayInterviewTests" */;
			buildPhases = (
				E7CC97C72E205D4D00F78411 /* Sources */,
				E7CC97C82E205D4D00F78411 /* Frameworks */,
				E7CC97C92E205D4D00F78411 /* Resources */,
			);
			buildRules = (
			);
			dependencies = (
				E7CC97CD2E205D4D00F78411 /* PBXTargetDependency */,
			);
			fileSystemSynchronizedGroups = (
				E7CC97CE2E205D4D00F78411 /* FayInterviewTests */,
			);
			name = FayInterviewTests;
			packageProductDependencies = (
			);
			productName = FayInterviewTests;
			productReference = E7CC97CB2E205D4D00F78411 /* FayInterviewTests.xctest */;
			productType = "com.apple.product-type.bundle.unit-test";
		};
		E7CC97D42E205D4D00F78411 /* FayInterviewUITests */ = {
			isa = PBXNativeTarget;
			buildConfigurationList = E7CC97E52E205D4D00F78411 /* Build configuration list for PBXNativeTarget "FayInterviewUITests" */;
			buildPhases = (
				E7CC97D12E205D4D00F78411 /* Sources */,
				E7CC97D22E205D4D00F78411 /* Frameworks */,
				E7CC97D32E205D4D00F78411 /* Resources */,
			);
			buildRules = (
			);
			dependencies = (
				E7CC97D72E205D4D00F78411 /* PBXTargetDependency */,
			);
			fileSystemSynchronizedGroups = (
				E7CC97D82E205D4D00F78411 /* FayInterviewUITests */,
			);
			name = FayInterviewUITests;
			packageProductDependencies = (
			);
			productName = FayInterviewUITests;
			productReference = E7CC97D52E205D4D00F78411 /* FayInterviewUITests.xctest */;
			productType = "com.apple.product-type.bundle.ui-testing";
		};
/* End PBXNativeTarget section */

/* Begin PBXProject section */
		E7CC97B62E205D4B00F78411 /* Project object */ = {
			isa = PBXProject;
			attributes = {
				BuildIndependentTargetsInParallel = 1;
				LastSwiftUpdateCheck = 1640;
				LastUpgradeCheck = 1640;
				TargetAttributes = {
					E7CC97BD2E205D4B00F78411 = {
						CreatedOnToolsVersion = 16.4;
					};
					E7CC97CA2E205D4D00F78411 = {
						CreatedOnToolsVersion = 16.4;
						TestTargetID = E7CC97BD2E205D4B00F78411;
					};
					E7CC97D42E205D4D00F78411 = {
						CreatedOnToolsVersion = 16.4;
						TestTargetID = E7CC97BD2E205D4B00F78411;
					};
				};
			};
			buildConfigurationList = E7CC97B92E205D4B00F78411 /* Build configuration list for PBXProject "FayInterview" */;
			developmentRegion = en;
			hasScannedForEncodings = 0;
			knownRegions = (
				en,
				Base,
			);
			mainGroup = E7CC97B52E205D4B00F78411;
			minimizedProjectReferenceProxies = 1;
			preferredProjectObjectVersion = 77;
			productRefGroup = E7CC97BF2E205D4B00F78411 /* Products */;
			projectDirPath = "";
			projectRoot = "";
			targets = (
				E7CC97BD2E205D4B00F78411 /* FayInterview */,
				E7CC97CA2E205D4D00F78411 /* FayInterviewTests */,
				E7CC97D42E205D4D00F78411 /* FayInterviewUITests */,
			);
		};
/* End PBXProject section */

/* Begin PBXResourcesBuildPhase section */
		E7CC97BC2E205D4B00F78411 /* Resources */ = {
			isa = PBXResourcesBuildPhase;
			buildActionMask = 2147483647;
			files = (
			);
			runOnlyForDeploymentPostprocessing = 0;
		};
		E7CC97C92E205D4D00F78411 /* Resources */ = {
			isa = PBXResourcesBuildPhase;
			buildActionMask = 2147483647;
			files = (
			);
			runOnlyForDeploymentPostprocessing = 0;
		};
		E7CC97D32E205D4D00F78411 /* Resources */ = {
			isa = PBXResourcesBuildPhase;
			buildActionMask = 2147483647;
			files = (
			);
			runOnlyForDeploymentPostprocessing = 0;
		};
/* End PBXResourcesBuildPhase section */

/* Begin PBXSourcesBuildPhase section */
		E7CC97BA2E205D4B00F78411 /* Sources */ = {
			isa = PBXSourcesBuildPhase;
			buildActionMask = 2147483647;
			files = (
			);
			runOnlyForDeploymentPostprocessing = 0;
		};
		E7CC97C72E205D4D00F78411 /* Sources */ = {
			isa = PBXSourcesBuildPhase;
			buildActionMask = 2147483647;
			files = (
			);
			runOnlyForDeploymentPostprocessing = 0;
		};
		E7CC97D12E205D4D00F78411 /* Sources */ = {
			isa = PBXSourcesBuildPhase;
			buildActionMask = 2147483647;
			files = (
			);
			runOnlyForDeploymentPostprocessing = 0;
		};
/* End PBXSourcesBuildPhase section */

/* Begin PBXTargetDependency section */
		E7CC97CD2E205D4D00F78411 /* PBXTargetDependency */ = {
			isa = PBXTargetDependency;
			target = E7CC97BD2E205D4B00F78411 /* FayInterview */;
			targetProxy = E7CC97CC2E205D4D00F78411 /* PBXContainerItemProxy */;
		};
		E7CC97D72E205D4D00F78411 /* PBXTargetDependency */ = {
			isa = PBXTargetDependency;
			target = E7CC97BD2E205D4B00F78411 /* FayInterview */;
			targetProxy = E7CC97D62E205D4D00F78411 /* PBXContainerItemProxy */;
		};
/* End PBXTargetDependency section */

/* Begin XCBuildConfiguration section */
		E7CC97DD2E205D4D00F78411 /* Debug */ = {
			isa = XCBuildConfiguration;
			buildSettings = {
				ALWAYS_SEARCH_USER_PATHS = NO;
				ASSETCATALOG_COMPILER_GENERATE_SWIFT_ASSET_SYMBOL_EXTENSIONS = YES;
				CLANG_ANALYZER_NONNULL = YES;
				CLANG_ANALYZER_NUMBER_OBJECT_CONVERSION = YES_AGGRESSIVE;
				CLANG_CXX_LANGUAGE_STANDARD = "gnu++20";
				CLANG_ENABLE_MODULES = YES;
				CLANG_ENABLE_OBJC_ARC = YES;
				CLANG_ENABLE_OBJC_WEAK = YES;
				CLANG_WARN_BLOCK_CAPTURE_AUTORELEASING = YES;
				CLANG_WARN_BOOL_CONVERSION = YES;
				CLANG_WARN_COMMA = YES;
				CLANG_WARN_CONSTANT_CONVERSION = YES;
				CLANG_WARN_DEPRECATED_OBJC_IMPLEMENTATIONS = YES;
				CLANG_WARN_DIRECT_OBJC_ISA_USAGE = YES_ERROR;
				CLANG_WARN_DOCUMENTATION_COMMENTS = YES;
				CLANG_WARN_EMPTY_BODY = YES;
				CLANG_WARN_ENUM_CONVERSION = YES;
				CLANG_WARN_INFINITE_RECURSION = YES;
				CLANG_WARN_INT_CONVERSION = YES;
				CLANG_WARN_NON_LITERAL_NULL_CONVERSION = YES;
				CLANG_WARN_OBJC_IMPLICIT_RETAIN_SELF = YES;
				CLANG_WARN_OBJC_LITERAL_CONVERSION = YES;
				CLANG_WARN_OBJC_ROOT_CLASS = YES_ERROR;
				CLANG_WARN_QUOTED_INCLUDE_IN_FRAMEWORK_HEADER = YES;
				CLANG_WARN_RANGE_LOOP_ANALYSIS = YES;
				CLANG_WARN_STRICT_PROTOTYPES = YES;
				CLANG_WARN_SUSPICIOUS_MOVE = YES;
				CLANG_WARN_UNGUARDED_AVAILABILITY = YES_AGGRESSIVE;
				CLANG_WARN_UNREACHABLE_CODE = YES;
				CLANG_WARN__DUPLICATE_METHOD_MATCH = YES;
				COPY_PHASE_STRIP = NO;
				DEBUG_INFORMATION_FORMAT = dwarf;
				DEVELOPMENT_TEAM = 7NCR6QTB6F;
				ENABLE_STRICT_OBJC_MSGSEND = YES;
				ENABLE_TESTABILITY = YES;
				ENABLE_USER_SCRIPT_SANDBOXING = YES;
				GCC_C_LANGUAGE_STANDARD = gnu17;
				GCC_DYNAMIC_NO_PIC = NO;
				GCC_NO_COMMON_BLOCKS = YES;
				GCC_OPTIMIZATION_LEVEL = 0;
				GCC_PREPROCESSOR_DEFINITIONS = (
					"DEBUG=1",
					"$(inherited)",
				);
				GCC_WARN_64_TO_32_BIT_CONVERSION = YES;
				GCC_WARN_ABOUT_RETURN_TYPE = YES_ERROR;
				GCC_WARN_UNDECLARED_SELECTOR = YES;
				GCC_WARN_UNINITIALIZED_AUTOS = YES_AGGRESSIVE;
				GCC_WARN_UNUSED_FUNCTION = YES;
				GCC_WARN_UNUSED_VARIABLE = YES;
				IPHONEOS_DEPLOYMENT_TARGET = 18.5;
				LOCALIZATION_PREFERS_STRING_CATALOGS = YES;
				MTL_ENABLE_DEBUG_INFO = INCLUDE_SOURCE;
				MTL_FAST_MATH = YES;
				ONLY_ACTIVE_ARCH = YES;
				SDKROOT = iphoneos;
				SWIFT_ACTIVE_COMPILATION_CONDITIONS = "DEBUG $(inherited)";
				SWIFT_OPTIMIZATION_LEVEL = "-Onone";
			};
			name = Debug;
		};
		E7CC97DE2E205D4D00F78411 /* Release */ = {
			isa = XCBuildConfiguration;
			buildSettings = {
				ALWAYS_SEARCH_USER_PATHS = NO;
				ASSETCATALOG_COMPILER_GENERATE_SWIFT_ASSET_SYMBOL_EXTENSIONS = YES;
				CLANG_ANALYZER_NONNULL = YES;
				CLANG_ANALYZER_NUMBER_OBJECT_CONVERSION = YES_AGGRESSIVE;
				CLANG_CXX_LANGUAGE_STANDARD = "gnu++20";
				CLANG_ENABLE_MODULES = YES;
				CLANG_ENABLE_OBJC_ARC = YES;
				CLANG_ENABLE_OBJC_WEAK = YES;
				CLANG_WARN_BLOCK_CAPTURE_AUTORELEASING = YES;
				CLANG_WARN_BOOL_CONVERSION = YES;
				CLANG_WARN_COMMA = YES;
				CLANG_WARN_CONSTANT_CONVERSION = YES;
				CLANG_WARN_DEPRECATED_OBJC_IMPLEMENTATIONS = YES;
				CLANG_WARN_DIRECT_OBJC_ISA_USAGE = YES_ERROR;
				CLANG_WARN_DOCUMENTATION_COMMENTS = YES;
				CLANG_WARN_EMPTY_BODY = YES;
				CLANG_WARN_ENUM_CONVERSION = YES;
				CLANG_WARN_INFINITE_RECURSION = YES;
				CLANG_WARN_INT_CONVERSION = YES;
				CLANG_WARN_NON_LITERAL_NULL_CONVERSION = YES;
				CLANG_WARN_OBJC_IMPLICIT_RETAIN_SELF = YES;
				CLANG_WARN_OBJC_LITERAL_CONVERSION = YES;
				CLANG_WARN_OBJC_ROOT_CLASS = YES_ERROR;
				CLANG_WARN_QUOTED_INCLUDE_IN_FRAMEWORK_HEADER = YES;
				CLANG_WARN_RANGE_LOOP_ANALYSIS = YES;
				CLANG_WARN_STRICT_PROTOTYPES = YES;
				CLANG_WARN_SUSPICIOUS_MOVE = YES;
				CLANG_WARN_UNGUARDED_AVAILABILITY = YES_AGGRESSIVE;
				CLANG_WARN_UNREACHABLE_CODE = YES;
				CLANG_WARN__DUPLICATE_METHOD_MATCH = YES;
				COPY_PHASE_STRIP = NO;
				DEBUG_INFORMATION_FORMAT = "dwarf-with-dsym";
				DEVELOPMENT_TEAM = 7NCR6QTB6F;
				ENABLE_NS_ASSERTIONS = NO;
				ENABLE_STRICT_OBJC_MSGSEND = YES;
				ENABLE_USER_SCRIPT_SANDBOXING = YES;
				GCC_C_LANGUAGE_STANDARD = gnu17;
				GCC_NO_COMMON_BLOCKS = YES;
				GCC_WARN_64_TO_32_BIT_CONVERSION = YES;
				GCC_WARN_ABOUT_RETURN_TYPE = YES_ERROR;
				GCC_WARN_UNDECLARED_SELECTOR = YES;
				GCC_WARN_UNINITIALIZED_AUTOS = YES_AGGRESSIVE;
				GCC_WARN_UNUSED_FUNCTION = YES;
				GCC_WARN_UNUSED_VARIABLE = YES;
				IPHONEOS_DEPLOYMENT_TARGET = 18.5;
				LOCALIZATION_PREFERS_STRING_CATALOGS = YES;
				MTL_ENABLE_DEBUG_INFO = NO;
				MTL_FAST_MATH = YES;
				SDKROOT = iphoneos;
				SWIFT_COMPILATION_MODE = wholemodule;
				VALIDATE_PRODUCT = YES;
			};
			name = Release;
		};
		E7CC97E02E205D4D00F78411 /* Debug */ = {
			isa = XCBuildConfiguration;
			buildSettings = {
				ASSETCATALOG_COMPILER_APPICON_NAME = AppIcon;
				ASSETCATALOG_COMPILER_GLOBAL_ACCENT_COLOR_NAME = AccentColor;
				CODE_SIGN_STYLE = Automatic;
				CURRENT_PROJECT_VERSION = 1;
				DEVELOPMENT_TEAM = 7NCR6QTB6F;
				ENABLE_PREVIEWS = YES;
				GENERATE_INFOPLIST_FILE = YES;
				INFOPLIST_KEY_UIApplicationSceneManifest_Generation = YES;
				INFOPLIST_KEY_UIApplicationSupportsIndirectInputEvents = YES;
				INFOPLIST_KEY_UILaunchScreen_Generation = YES;
				INFOPLIST_KEY_UISupportedInterfaceOrientations_iPad = "UIInterfaceOrientationPortrait UIInterfaceOrientationPortraitUpsideDown UIInterfaceOrientationLandscapeLeft UIInterfaceOrientationLandscapeRight";
				INFOPLIST_KEY_UISupportedInterfaceOrientations_iPhone = "UIInterfaceOrientationPortrait UIInterfaceOrientationLandscapeLeft UIInterfaceOrientationLandscapeRight";
				LD_RUNPATH_SEARCH_PATHS = (
					"$(inherited)",
					"@executable_path/Frameworks",
				);
				MARKETING_VERSION = 1.0;
				PRODUCT_BUNDLE_IDENTIFIER = juliechildress.FayInterview;
				PRODUCT_NAME = "$(TARGET_NAME)";
				SWIFT_EMIT_LOC_STRINGS = YES;
				SWIFT_VERSION = 5.0;
				TARGETED_DEVICE_FAMILY = "1,2";
			};
			name = Debug;
		};
		E7CC97E12E205D4D00F78411 /* Release */ = {
			isa = XCBuildConfiguration;
			buildSettings = {
				ASSETCATALOG_COMPILER_APPICON_NAME = AppIcon;
				ASSETCATALOG_COMPILER_GLOBAL_ACCENT_COLOR_NAME = AccentColor;
				CODE_SIGN_STYLE = Automatic;
				CURRENT_PROJECT_VERSION = 1;
				DEVELOPMENT_TEAM = 7NCR6QTB6F;
				ENABLE_PREVIEWS = YES;
				GENERATE_INFOPLIST_FILE = YES;
				INFOPLIST_KEY_UIApplicationSceneManifest_Generation = YES;
				INFOPLIST_KEY_UIApplicationSupportsIndirectInputEvents = YES;
				INFOPLIST_KEY_UILaunchScreen_Generation = YES;
				INFOPLIST_KEY_UISupportedInterfaceOrientations_iPad = "UIInterfaceOrientationPortrait UIInterfaceOrientationPortraitUpsideDown UIInterfaceOrientationLandscapeLeft UIInterfaceOrientationLandscapeRight";
				INFOPLIST_KEY_UISupportedInterfaceOrientations_iPhone = "UIInterfaceOrientationPortrait UIInterfaceOrientationLandscapeLeft UIInterfaceOrientationLandscapeRight";
				LD_RUNPATH_SEARCH_PATHS = (
					"$(inherited)",
					"@executable_path/Frameworks",
				);
				MARKETING_VERSION = 1.0;
				PRODUCT_BUNDLE_IDENTIFIER = juliechildress.FayInterview;
				PRODUCT_NAME = "$(TARGET_NAME)";
				SWIFT_EMIT_LOC_STRINGS = YES;
				SWIFT_VERSION = 5.0;
				TARGETED_DEVICE_FAMILY = "1,2";
			};
			name = Release;
		};
		E7CC97E32E205D4D00F78411 /* Debug */ = {
			isa = XCBuildConfiguration;
			buildSettings = {
				BUNDLE_LOADER = "$(TEST_HOST)";
				CODE_SIGN_STYLE = Automatic;
				CURRENT_PROJECT_VERSION = 1;
				DEVELOPMENT_TEAM = 7NCR6QTB6F;
				GENERATE_INFOPLIST_FILE = YES;
				IPHONEOS_DEPLOYMENT_TARGET = 18.5;
				MARKETING_VERSION = 1.0;
				PRODUCT_BUNDLE_IDENTIFIER = juliechildress.FayInterviewTests;
				PRODUCT_NAME = "$(TARGET_NAME)";
				SWIFT_EMIT_LOC_STRINGS = NO;
				SWIFT_VERSION = 5.0;
				TARGETED_DEVICE_FAMILY = "1,2";
				TEST_HOST = "$(BUILT_PRODUCTS_DIR)/FayInterview.app/$(BUNDLE_EXECUTABLE_FOLDER_PATH)/FayInterview";
			};
			name = Debug;
		};
		E7CC97E42E205D4D00F78411 /* Release */ = {
			isa = XCBuildConfiguration;
			buildSettings = {
				BUNDLE_LOADER = "$(TEST_HOST)";
				CODE_SIGN_STYLE = Automatic;
				CURRENT_PROJECT_VERSION = 1;
				DEVELOPMENT_TEAM = 7NCR6QTB6F;
				GENERATE_INFOPLIST_FILE = YES;
				IPHONEOS_DEPLOYMENT_TARGET = 18.5;
				MARKETING_VERSION = 1.0;
				PRODUCT_BUNDLE_IDENTIFIER = juliechildress.FayInterviewTests;
				PRODUCT_NAME = "$(TARGET_NAME)";
				SWIFT_EMIT_LOC_STRINGS = NO;
				SWIFT_VERSION = 5.0;
				TARGETED_DEVICE_FAMILY = "1,2";
				TEST_HOST = "$(BUILT_PRODUCTS_DIR)/FayInterview.app/$(BUNDLE_EXECUTABLE_FOLDER_PATH)/FayInterview";
			};
			name = Release;
		};
		E7CC97E62E205D4D00F78411 /* Debug */ = {
			isa = XCBuildConfiguration;
			buildSettings = {
				CODE_SIGN_STYLE = Automatic;
				CURRENT_PROJECT_VERSION = 1;
				DEVELOPMENT_TEAM = 7NCR6QTB6F;
				GENERATE_INFOPLIST_FILE = YES;
				MARKETING_VERSION = 1.0;
				PRODUCT_BUNDLE_IDENTIFIER = juliechildress.FayInterviewUITests;
				PRODUCT_NAME = "$(TARGET_NAME)";
				SWIFT_EMIT_LOC_STRINGS = NO;
				SWIFT_VERSION = 5.0;
				TARGETED_DEVICE_FAMILY = "1,2";
				TEST_TARGET_NAME = FayInterview;
			};
			name = Debug;
		};
		E7CC97E72E205D4D00F78411 /* Release */ = {
			isa = XCBuildConfiguration;
			buildSettings = {
				CODE_SIGN_STYLE = Automatic;
				CURRENT_PROJECT_VERSION = 1;
				DEVELOPMENT_TEAM = 7NCR6QTB6F;
				GENERATE_INFOPLIST_FILE = YES;
				MARKETING_VERSION = 1.0;
				PRODUCT_BUNDLE_IDENTIFIER = juliechildress.FayInterviewUITests;
				PRODUCT_NAME = "$(TARGET_NAME)";
				SWIFT_EMIT_LOC_STRINGS = NO;
				SWIFT_VERSION = 5.0;
				TARGETED_DEVICE_FAMILY = "1,2";
				TEST_TARGET_NAME = FayInterview;
			};
			name = Release;
		};
/* End XCBuildConfiguration section */

/* Begin XCConfigurationList section */
		E7CC97B92E205D4B00F78411 /* Build configuration list for PBXProject "FayInterview" */ = {
			isa = XCConfigurationList;
			buildConfigurations = (
				E7CC97DD2E205D4D00F78411 /* Debug */,
				E7CC97DE2E205D4D00F78411 /* Release */,
			);
			defaultConfigurationIsVisible = 0;
			defaultConfigurationName = Release;
		};
		E7CC97DF2E205D4D00F78411 /* Build configuration list for PBXNativeTarget "FayInterview" */ = {
			isa = XCConfigurationList;
			buildConfigurations = (
				E7CC97E02E205D4D00F78411 /* Debug */,
				E7CC97E12E205D4D00F78411 /* Release */,
			);
			defaultConfigurationIsVisible = 0;
			defaultConfigurationName = Release;
		};
		E7CC97E22E205D4D00F78411 /* Build configuration list for PBXNativeTarget "FayInterviewTests" */ = {
			isa = XCConfigurationList;
			buildConfigurations = (
				E7CC97E32E205D4D00F78411 /* Debug */,
				E7CC97E42E205D4D00F78411 /* Release */,
			);
			defaultConfigurationIsVisible = 0;
			defaultConfigurationName = Release;
		};
		E7CC97E52E205D4D00F78411 /* Build configuration list for PBXNativeTarget "FayInterviewUITests" */ = {
			isa = XCConfigurationList;
			buildConfigurations = (
				E7CC97E62E205D4D00F78411 /* Debug */,
				E7CC97E72E205D4D00F78411 /* Release */,
			);
			defaultConfigurationIsVisible = 0;
			defaultConfigurationName = Release;
		};
/* End XCConfigurationList section */
	};
	rootObject = E7CC97B62E205D4B00F78411 /* Project object */;
}
